{
  "requires": true,
  "lockfileVersion": 1,
  "dependencies": {
    "@babel/runtime": {
      "version": "7.20.7",
      "resolved": "https://registry.npmjs.org/@babel/runtime/-/runtime-7.20.7.tgz",
      "integrity": "sha512-UF0tvkUtxwAgZ5W/KrkHf0Rn0fdnLDU9ScxBrEVNUprE/MzirjK4MJUX1/BVDv00Sv8cljtukVK1aky++X1SjQ==",
      "requires": {
        "regenerator-runtime": "^0.13.11"
      }
    },
    "@babel/runtime-corejs3": {
      "version": "7.20.7",
      "resolved": "https://registry.npmjs.org/@babel/runtime-corejs3/-/runtime-corejs3-7.20.7.tgz",
      "integrity": "sha512-jr9lCZ4RbRQmCR28Q8U8Fu49zvFqLxTY9AMOUz+iyMohMoAgpEcVxY+wJNay99oXOpOcCTODkk70NDN2aaJEeg==",
      "requires": {
        "core-js-pure": "^3.25.1",
        "regenerator-runtime": "^0.13.11"
      }
    },
    "@okta/okta-auth-js": {
      "version": "6.0.0",
      "resolved": "https://registry.npmjs.org/@okta/okta-auth-js/-/okta-auth-js-6.0.0.tgz",
      "integrity": "sha512-ivvAJJKxYKIWIP1dP7Fz8M2j29ie3N+mJ39q4WAWYuUuyzdhmzAWYTIMrUowDsn/6bARDEj6HcIsXHZhFMqEqQ==",
      "requires": {
        "@babel/runtime": "^7.12.5",
        "@okta/okta-idx-js": "0.24.0",
        "@peculiar/webcrypto": "1.1.6",
        "Base64": "1.1.0",
        "atob": "^2.1.2",
        "btoa": "^1.2.1",
        "core-js": "^3.6.5",
        "cross-fetch": "^3.0.6",
        "js-cookie": "2.2.1",
        "node-cache": "^5.1.2",
        "p-cancelable": "^2.0.0",
        "text-encoding": "^0.7.0",
        "tiny-emitter": "1.1.0",
        "webcrypto-shim": "^0.1.5",
        "xhr2": "0.1.3"
      }
    },
    "@okta/okta-idx-js": {
      "version": "0.24.0",
      "resolved": "https://registry.npmjs.org/@okta/okta-idx-js/-/okta-idx-js-0.24.0.tgz",
      "integrity": "sha512-ut4LPYvsXKKQm+PVgsGuoeU1RzVteNHrZPYvhz7REJEaNkY7pKUPBmYxsq9zyjRyzEEkAH7YrWeyhMcW8Lpt9w==",
      "requires": {
        "@babel/runtime": "^7.12.5",
        "@babel/runtime-corejs3": "^7.12.5",
        "core-js": "^3.15.1",
        "jsonpath-plus": "^5.1.0"
      }
    },
    "@okta/okta-react": {
      "version": "6.4.3",
      "resolved": "https://registry.npmjs.org/@okta/okta-react/-/okta-react-6.4.3.tgz",
      "integrity": "sha512-fxMs74ICGq/C2GWAiIcTsO/MCEVgpaKnu6J11qzWHjiUIWbIABYTyM6RqECXJ5YdmmtzrliYLZ8xxSMvlZAg7A==",
      "requires": {
        "@babel/runtime": "^7.11.2",
        "compare-versions": "^4.1.2"
      }
    },
    "@peculiar/asn1-schema": {
      "version": "2.3.3",
      "resolved": "https://registry.npmjs.org/@peculiar/asn1-schema/-/asn1-schema-2.3.3.tgz",
      "integrity": "sha512-6GptMYDMyWBHTUKndHaDsRZUO/XMSgIns2krxcm2L7SEExRHwawFvSwNBhqNPR9HJwv3MruAiF1bhN0we6j6GQ==",
      "requires": {
        "asn1js": "^3.0.5",
        "pvtsutils": "^1.3.2",
        "tslib": "^2.4.0"
      }
    },
    "@peculiar/json-schema": {
      "version": "1.1.12",
      "resolved": "https://registry.npmjs.org/@peculiar/json-schema/-/json-schema-1.1.12.tgz",
      "integrity": "sha512-coUfuoMeIB7B8/NMekxaDzLhaYmp0HZNPEjYRm9goRou8UZIC3z21s0sL9AWoCw4EG876QyO3kYrc61WNF9B/w==",
      "requires": {
        "tslib": "^2.0.0"
      }
    },
    "@peculiar/webcrypto": {
      "version": "1.1.6",
      "resolved": "https://registry.npmjs.org/@peculiar/webcrypto/-/webcrypto-1.1.6.tgz",
      "integrity": "sha512-xcTjouis4Y117mcsJslWAGypwhxtXslkVdRp7e3tHwtuw0/xCp1te8RuMMv/ia5TsvxomcyX/T+qTbRZGLLvyA==",
      "requires": {
        "@peculiar/asn1-schema": "^2.0.27",
        "@peculiar/json-schema": "^1.1.12",
        "pvtsutils": "^1.1.2",
        "tslib": "^2.1.0",
        "webcrypto-core": "^1.2.0"
      }
    },
    "Base64": {
      "version": "1.1.0",
      "resolved": "https://registry.npmjs.org/Base64/-/Base64-1.1.0.tgz",
      "integrity": "sha512-qeacf8dvGpf+XAT27ESHMh7z84uRzj/ua2pQdJg483m3bEXv/kVFtDnMgvf70BQGqzbZhR9t6BmASzKvqfJf3Q=="
    },
    "asn1js": {
      "version": "3.0.5",
      "resolved": "https://registry.npmjs.org/asn1js/-/asn1js-3.0.5.tgz",
      "integrity": "sha512-FVnvrKJwpt9LP2lAMl8qZswRNm3T4q9CON+bxldk2iwk3FFpuwhx2FfinyitizWHsVYyaY+y5JzDR0rCMV5yTQ==",
      "requires": {
        "pvtsutils": "^1.3.2",
        "pvutils": "^1.1.3",
        "tslib": "^2.4.0"
      }
    },
    "atob": {
      "version": "2.1.2",
      "resolved": "https://registry.npmjs.org/atob/-/atob-2.1.2.tgz",
      "integrity": "sha512-Wm6ukoaOGJi/73p/cl2GvLjTI5JM1k/O14isD73YML8StrH/7/lRFgmg8nICZgD3bZZvjwCGxtMOD3wWNAu8cg=="
    },
    "btoa": {
      "version": "1.2.1",
      "resolved": "https://registry.npmjs.org/btoa/-/btoa-1.2.1.tgz",
      "integrity": "sha512-SB4/MIGlsiVkMcHmT+pSmIPoNDoHg+7cMzmt3Uxt628MTz2487DKSqK/fuhFBrkuqrYv5UCEnACpF4dTFNKc/g=="
    },
    "clone": {
      "version": "2.1.2",
      "resolved": "https://registry.npmjs.org/clone/-/clone-2.1.2.tgz",
      "integrity": "sha512-3Pe/CF1Nn94hyhIYpjtiLhdCoEoz0DqQ+988E9gmeEdQZlojxnOb74wctFyuwWQHzqyf9X7C7MG8juUpqBJT8w=="
    },
    "compare-versions": {
      "version": "4.1.4",
      "resolved": "https://registry.npmjs.org/compare-versions/-/compare-versions-4.1.4.tgz",
      "integrity": "sha512-FemMreK9xNyL8gQevsdRMrvO4lFCkQP7qbuktn1q8ndcNk1+0mz7lgE7b/sNvbhVgY4w6tMN1FDp6aADjqw2rw=="
    },
    "core-js": {
      "version": "3.27.1",
      "resolved": "https://registry.npmjs.org/core-js/-/core-js-3.27.1.tgz",
      "integrity": "sha512-GutwJLBChfGCpwwhbYoqfv03LAfmiz7e7D/BNxzeMxwQf10GRSzqiOjx7AmtEk+heiD/JWmBuyBPgFtx0Sg1ww=="
    },
    "core-js-pure": {
      "version": "3.27.1",
      "resolved": "https://registry.npmjs.org/core-js-pure/-/core-js-pure-3.27.1.tgz",
      "integrity": "sha512-BS2NHgwwUppfeoqOXqi08mUqS5FiZpuRuJJpKsaME7kJz0xxuk0xkhDdfMIlP/zLa80krBqss1LtD7f889heAw=="
    },
    "cross-fetch": {
      "version": "3.1.5",
      "resolved": "https://registry.npmjs.org/cross-fetch/-/cross-fetch-3.1.5.tgz",
      "integrity": "sha512-lvb1SBsI0Z7GDwmuid+mU3kWVBwTVUbe7S0H52yaaAdQOXq2YktTCZdlAcNKFzE6QtRz0snpw9bNiPeOIkkQvw==",
      "requires": {
        "node-fetch": "2.6.7"
      }
    },
    "js-cookie": {
      "version": "2.2.1",
      "resolved": "https://registry.npmjs.org/js-cookie/-/js-cookie-2.2.1.tgz",
      "integrity": "sha512-HvdH2LzI/EAZcUwA8+0nKNtWHqS+ZmijLA30RwZA0bo7ToCckjK5MkGhjED9KoRcXO6BaGI3I9UIzSA1FKFPOQ=="
    },
    "jsonpath-plus": {
      "version": "5.1.0",
      "resolved": "https://registry.npmjs.org/jsonpath-plus/-/jsonpath-plus-5.1.0.tgz",
      "integrity": "sha512-890w2Pjtj0iswAxalRlt2kHthi6HKrXEfZcn+ZNZptv7F3rUGIeDuZo+C+h4vXBHLEsVjJrHeCm35nYeZLzSBQ=="
    },
    "node-cache": {
      "version": "5.1.2",
      "resolved": "https://registry.npmjs.org/node-cache/-/node-cache-5.1.2.tgz",
      "integrity": "sha512-t1QzWwnk4sjLWaQAS8CHgOJ+RAfmHpxFWmc36IWTiWHQfs0w5JDMBS1b1ZxQteo0vVVuWJvIUKHDkkeK7vIGCg==",
      "requires": {
        "clone": "2.x"
      }
    },
    "node-fetch": {
      "version": "2.6.7",
      "resolved": "https://registry.npmjs.org/node-fetch/-/node-fetch-2.6.7.tgz",
      "integrity": "sha512-ZjMPFEfVx5j+y2yF35Kzx5sF7kDzxuDj6ziH4FFbOp87zKDZNx8yExJIb05OGF4Nlt9IHFIMBkRl41VdvcNdbQ==",
      "requires": {
        "whatwg-url": "^5.0.0"
      }
    },
    "p-cancelable": {
      "version": "2.1.1",
      "resolved": "https://registry.npmjs.org/p-cancelable/-/p-cancelable-2.1.1.tgz",
      "integrity": "sha512-BZOr3nRQHOntUjTrH8+Lh54smKHoHyur8We1V8DSMVrl5A2malOOwuJRnKRDjSnkoeBh4at6BwEnb5I7Jl31wg=="
    },
    "pvtsutils": {
      "version": "1.3.2",
      "resolved": "https://registry.npmjs.org/pvtsutils/-/pvtsutils-1.3.2.tgz",
      "integrity": "sha512-+Ipe2iNUyrZz+8K/2IOo+kKikdtfhRKzNpQbruF2URmqPtoqAs8g3xS7TJvFF2GcPXjh7DkqMnpVveRFq4PgEQ==",
      "requires": {
        "tslib": "^2.4.0"
      }
    },
    "pvutils": {
      "version": "1.1.3",
      "resolved": "https://registry.npmjs.org/pvutils/-/pvutils-1.1.3.tgz",
      "integrity": "sha512-pMpnA0qRdFp32b1sJl1wOJNxZLQ2cbQx+k6tjNtZ8CpvVhNqEPRgivZ2WOUev2YMajecdH7ctUPDvEe87nariQ=="
    },
    "regenerator-runtime": {
      "version": "0.13.11",
      "resolved": "https://registry.npmjs.org/regenerator-runtime/-/regenerator-runtime-0.13.11.tgz",
      "integrity": "sha512-kY1AZVr2Ra+t+piVaJ4gxaFaReZVH40AKNo7UCX6W+dEwBo/2oZJzqfuN1qLq1oL45o56cPaTXELwrTh8Fpggg=="
    },
    "text-encoding": {
      "version": "0.7.0",
      "resolved": "https://registry.npmjs.org/text-encoding/-/text-encoding-0.7.0.tgz",
      "integrity": "sha512-oJQ3f1hrOnbRLOcwKz0Liq2IcrvDeZRHXhd9RgLrsT+DjWY/nty1Hi7v3dtkaEYbPYe0mUoOfzRrMwfXXwgPUA=="
    },
    "tiny-emitter": {
      "version": "1.1.0",
      "resolved": "https://registry.npmjs.org/tiny-emitter/-/tiny-emitter-1.1.0.tgz",
      "integrity": "sha512-HFhr+OKGIHRO6krgzEt9MqbMO98wPDzDPr1BOpM/nZCChkK40UYn8b70nSjcan4jTzDSQecy1KRVVQRohIRWrw=="
    },
    "tr46": {
      "version": "0.0.3",
      "resolved": "https://registry.npmjs.org/tr46/-/tr46-0.0.3.tgz",
      "integrity": "sha512-N3WMsuqV66lT30CrXNbEjx4GEwlow3v6rr4mCcv6prnfwhS01rkgyFdjPNBYd9br7LpXV1+Emh01fHnq2Gdgrw=="
    },
    "tslib": {
      "version": "2.4.1",
      "resolved": "https://registry.npmjs.org/tslib/-/tslib-2.4.1.tgz",
      "integrity": "sha512-tGyy4dAjRIEwI7BzsB0lynWgOpfqjUdq91XXAlIWD2OwKBH7oCl/GZG/HT4BOHrTlPMOASlMQ7veyTqpmRcrNA=="
    },
    "webcrypto-core": {
      "version": "1.7.5",
      "resolved": "https://registry.npmjs.org/webcrypto-core/-/webcrypto-core-1.7.5.tgz",
      "integrity": "sha512-gaExY2/3EHQlRNNNVSrbG2Cg94Rutl7fAaKILS1w8ZDhGxdFOaw6EbCfHIxPy9vt/xwp5o0VQAx9aySPF6hU1A==",
      "requires": {
        "@peculiar/asn1-schema": "^2.1.6",
        "@peculiar/json-schema": "^1.1.12",
        "asn1js": "^3.0.1",
        "pvtsutils": "^1.3.2",
        "tslib": "^2.4.0"
      }
    },
    "webcrypto-shim": {
      "version": "0.1.7",
      "resolved": "https://registry.npmjs.org/webcrypto-shim/-/webcrypto-shim-0.1.7.tgz",
      "integrity": "sha512-JAvAQR5mRNRxZW2jKigWMjCMkjSdmP5cColRP1U/pTg69VgHXEi1orv5vVpJ55Zc5MIaPc1aaurzd9pjv2bveg=="
    },
    "webidl-conversions": {
      "version": "3.0.1",
      "resolved": "https://registry.npmjs.org/webidl-conversions/-/webidl-conversions-3.0.1.tgz",
      "integrity": "sha512-2JAn3z8AR6rjK8Sm8orRC0h/bcl/DqL7tRPdGZ4I1CjdF+EaMLmYxBHyXuKL849eucPFhvBoxMsflfOb8kxaeQ=="
    },
    "whatwg-url": {
      "version": "5.0.0",
      "resolved": "https://registry.npmjs.org/whatwg-url/-/whatwg-url-5.0.0.tgz",
      "integrity": "sha512-saE57nupxk6v3HY35+jzBwYa0rKSy0XR8JSxZPwgLr7ys0IBzhGviA1/TUGJLmSVqs8pb9AnvICXEuOHLprYTw==",
      "requires": {
        "tr46": "~0.0.3",
        "webidl-conversions": "^3.0.0"
      }
    },
    "xhr2": {
      "version": "0.1.3",
      "resolved": "https://registry.npmjs.org/xhr2/-/xhr2-0.1.3.tgz",
      "integrity": "sha512-6RmGK22QwC7yXB1CRwyLWuS2opPcKOlAu0ViAnyZjDlzrEmCKL4kLHkfvB8oMRWeztMsNoDGAjsMZY15w/4tTw=="
    }
  }
}
